
Microsoft Visual Studio Solution File, Format Version 12.00
# Visual Studio Version 17
VisualStudioVersion = 17.7.34221.43
MinimumVisualStudioVersion = 10.0.40219.1
Project("{FAE04EC0-301F-11D3-BF4B-00C04F79EFBC}") = "aplikacjakonsolowa1", "aplikacjakonsolowa1.csproj", "{45A8832A-42EF-4D76-890E-AB946A37407C}"
EndProject
Global
	GlobalSection(SolutionConfigurationPlatforms) = preSolution
		Debug|Any CPU = Debug|Any CPU
		Release|Any CPU = Release|Any CPU
	EndGlobalSection
	GlobalSection(ProjectConfigurationPlatforms) = postSolution
		{45A8832A-42EF-4D76-890E-AB946A37407C}.Debug|Any CPU.ActiveCfg = Debug|Any CPU
		{45A8832A-42EF-4D76-890E-AB946A37407C}.Debug|Any CPU.Build.0 = Debug|Any CPU
		{45A8832A-42EF-4D76-890E-AB946A37407C}.Release|Any CPU.ActiveCfg = Release|Any CPU
		{45A8832A-42EF-4D76-890E-AB946A37407C}.Release|Any CPU.Build.0 = Release|Any CPU
	EndGlobalSection
	GlobalSection(SolutionProperties) = preSolution
		HideSolutionNode = FALSE
	EndGlobalSection
	GlobalSection(ExtensibilityGlobals) = postSolution
		SolutionGuid = {4EB272B7-7729-45D9-825A-48658A6688AC}
	EndGlobalSection
EndGlobal
